
Microsoft Visual Studio Solution File, Format Version 12.00
# Visual Studio Version 16
VisualStudioVersion = 16.0.31205.134
MinimumVisualStudioVersion = 10.0.40219.1
Project("{2150E333-8FDC-42A3-9474-1A3956D46DE8}") = "Services", "Services", "{E8BF680E-47F5-416A-927A-C7708D31582D}"
EndProject
Project("{2150E333-8FDC-42A3-9474-1A3956D46DE8}") = "Catalog", "Catalog", "{018F12ED-2B34-4F5A-8290-9681BD60FD43}"
EndProject
Project("{FAE04EC0-301F-11D3-BF4B-00C04F79EFBC}") = "Catalog.API", "Services\Catalog\Catalog.API\Catalog.API.csproj", "{771F53F2-AFD1-470B-84C9-A3CFD753ADB6}"
EndProject
Global
	GlobalSection(SolutionConfigurationPlatforms) = preSolution
		Debug|Any CPU = Debug|Any CPU
		Release|Any CPU = Release|Any CPU
	EndGlobalSection
	GlobalSection(ProjectConfigurationPlatforms) = postSolution
		{771F53F2-AFD1-470B-84C9-A3CFD753ADB6}.Debug|Any CPU.ActiveCfg = Debug|Any CPU
		{771F53F2-AFD1-470B-84C9-A3CFD753ADB6}.Debug|Any CPU.Build.0 = Debug|Any CPU
		{771F53F2-AFD1-470B-84C9-A3CFD753ADB6}.Release|Any CPU.ActiveCfg = Release|Any CPU
		{771F53F2-AFD1-470B-84C9-A3CFD753ADB6}.Release|Any CPU.Build.0 = Release|Any CPU
	EndGlobalSection
	GlobalSection(SolutionProperties) = preSolution
		HideSolutionNode = FALSE
	EndGlobalSection
	GlobalSection(NestedProjects) = preSolution
		{018F12ED-2B34-4F5A-8290-9681BD60FD43} = {E8BF680E-47F5-416A-927A-C7708D31582D}
		{771F53F2-AFD1-470B-84C9-A3CFD753ADB6} = {018F12ED-2B34-4F5A-8290-9681BD60FD43}
	EndGlobalSection
	GlobalSection(ExtensibilityGlobals) = postSolution
		SolutionGuid = {1512E53A-0207-4D59-9030-DF721B3D1F5B}
	EndGlobalSection
EndGlobal
